
Microsoft Visual Studio Solution File, Format Version 12.00
# Visual Studio 15
VisualStudioVersion = 15.0.26124.0
MinimumVisualStudioVersion = 15.0.26124.0
Project("{2150E333-8FDC-42A3-9474-1A3956D46DE8}") = "src", "src", "{D7EA38CD-3CC4-463C-9E6E-C4CDA82CAFAA}"
EndProject
Project("{FAE04EC0-301F-11D3-BF4B-00C04F79EFBC}") = "GSalvi.MessageManager", "src\GSalvi.MessageManager\GSalvi.MessageManager.csproj", "{C9A88D35-517B-427E-A8EB-C98A748F01A9}"
EndProject
Project("{2150E333-8FDC-42A3-9474-1A3956D46DE8}") = "tests", "tests", "{5AD336E1-671F-48E7-AA34-ACC46761F175}"
EndProject
Project("{FAE04EC0-301F-11D3-BF4B-00C04F79EFBC}") = "GSalvi.MessageManager.UnitTests", "tests\GSalvi.MessageManager.UnitTests\GSalvi.MessageManager.UnitTests.csproj", "{B636A9E9-E8B2-49D1-B116-A137CB7BEFEC}"
EndProject
Global
	GlobalSection(SolutionConfigurationPlatforms) = preSolution
		Debug|Any CPU = Debug|Any CPU
		Debug|x64 = Debug|x64
		Debug|x86 = Debug|x86
		Release|Any CPU = Release|Any CPU
		Release|x64 = Release|x64
		Release|x86 = Release|x86
	EndGlobalSection
	GlobalSection(SolutionProperties) = preSolution
		HideSolutionNode = FALSE
	EndGlobalSection
	GlobalSection(ProjectConfigurationPlatforms) = postSolution
		{C9A88D35-517B-427E-A8EB-C98A748F01A9}.Debug|Any CPU.ActiveCfg = Debug|Any CPU
		{C9A88D35-517B-427E-A8EB-C98A748F01A9}.Debug|Any CPU.Build.0 = Debug|Any CPU
		{C9A88D35-517B-427E-A8EB-C98A748F01A9}.Debug|x64.ActiveCfg = Debug|Any CPU
		{C9A88D35-517B-427E-A8EB-C98A748F01A9}.Debug|x64.Build.0 = Debug|Any CPU
		{C9A88D35-517B-427E-A8EB-C98A748F01A9}.Debug|x86.ActiveCfg = Debug|Any CPU
		{C9A88D35-517B-427E-A8EB-C98A748F01A9}.Debug|x86.Build.0 = Debug|Any CPU
		{C9A88D35-517B-427E-A8EB-C98A748F01A9}.Release|Any CPU.ActiveCfg = Release|Any CPU
		{C9A88D35-517B-427E-A8EB-C98A748F01A9}.Release|Any CPU.Build.0 = Release|Any CPU
		{C9A88D35-517B-427E-A8EB-C98A748F01A9}.Release|x64.ActiveCfg = Release|Any CPU
		{C9A88D35-517B-427E-A8EB-C98A748F01A9}.Release|x64.Build.0 = Release|Any CPU
		{C9A88D35-517B-427E-A8EB-C98A748F01A9}.Release|x86.ActiveCfg = Release|Any CPU
		{C9A88D35-517B-427E-A8EB-C98A748F01A9}.Release|x86.Build.0 = Release|Any CPU
		{B636A9E9-E8B2-49D1-B116-A137CB7BEFEC}.Debug|Any CPU.ActiveCfg = Debug|Any CPU
		{B636A9E9-E8B2-49D1-B116-A137CB7BEFEC}.Debug|Any CPU.Build.0 = Debug|Any CPU
		{B636A9E9-E8B2-49D1-B116-A137CB7BEFEC}.Debug|x64.ActiveCfg = Debug|Any CPU
		{B636A9E9-E8B2-49D1-B116-A137CB7BEFEC}.Debug|x64.Build.0 = Debug|Any CPU
		{B636A9E9-E8B2-49D1-B116-A137CB7BEFEC}.Debug|x86.ActiveCfg = Debug|Any CPU
		{B636A9E9-E8B2-49D1-B116-A137CB7BEFEC}.Debug|x86.Build.0 = Debug|Any CPU
		{B636A9E9-E8B2-49D1-B116-A137CB7BEFEC}.Release|Any CPU.ActiveCfg = Release|Any CPU
		{B636A9E9-E8B2-49D1-B116-A137CB7BEFEC}.Release|Any CPU.Build.0 = Release|Any CPU
		{B636A9E9-E8B2-49D1-B116-A137CB7BEFEC}.Release|x64.ActiveCfg = Release|Any CPU
		{B636A9E9-E8B2-49D1-B116-A137CB7BEFEC}.Release|x64.Build.0 = Release|Any CPU
		{B636A9E9-E8B2-49D1-B116-A137CB7BEFEC}.Release|x86.ActiveCfg = Release|Any CPU
		{B636A9E9-E8B2-49D1-B116-A137CB7BEFEC}.Release|x86.Build.0 = Release|Any CPU
	EndGlobalSection
	GlobalSection(NestedProjects) = preSolution
		{C9A88D35-517B-427E-A8EB-C98A748F01A9} = {D7EA38CD-3CC4-463C-9E6E-C4CDA82CAFAA}
		{B636A9E9-E8B2-49D1-B116-A137CB7BEFEC} = {5AD336E1-671F-48E7-AA34-ACC46761F175}
	EndGlobalSection
EndGlobal
